
Microsoft Visual Studio Solution File, Format Version 12.00
Project("{FAE04EC0-301F-11D3-BF4B-00C04F79EFBC}") = "Books.Application", "Books.Application\Books.Application.csproj", "{8092BB38-5B49-42AB-B5B7-29734D1D375E}"
EndProject
Project("{FAE04EC0-301F-11D3-BF4B-00C04F79EFBC}") = "Books.Application.Tests", "..\tests\Books.Application.Tests\Books.Application.Tests.csproj", "{D95CFBBF-E78C-46EA-A274-3B17A46EB742}"
EndProject
Project("{FAE04EC0-301F-11D3-BF4B-00C04F79EFBC}") = "BenchmarkDotNet.Application", "BenchmarkDotNet.Application\BenchmarkDotNet.Application.csproj", "{C20BB74D-98FF-42D4-9F8C-2F320DBE966C}"
EndProject
Global
	GlobalSection(SolutionConfigurationPlatforms) = preSolution
		Debug|Any CPU = Debug|Any CPU
		Debug|x64 = Debug|x64
		Debug|x86 = Debug|x86
		Release|Any CPU = Release|Any CPU
		Release|x64 = Release|x64
		Release|x86 = Release|x86
	EndGlobalSection
	GlobalSection(ProjectConfigurationPlatforms) = postSolution
		{8092BB38-5B49-42AB-B5B7-29734D1D375E}.Debug|Any CPU.ActiveCfg = Debug|Any CPU
		{8092BB38-5B49-42AB-B5B7-29734D1D375E}.Debug|Any CPU.Build.0 = Debug|Any CPU
		{8092BB38-5B49-42AB-B5B7-29734D1D375E}.Debug|x64.ActiveCfg = Debug|Any CPU
		{8092BB38-5B49-42AB-B5B7-29734D1D375E}.Debug|x64.Build.0 = Debug|Any CPU
		{8092BB38-5B49-42AB-B5B7-29734D1D375E}.Debug|x86.ActiveCfg = Debug|Any CPU
		{8092BB38-5B49-42AB-B5B7-29734D1D375E}.Debug|x86.Build.0 = Debug|Any CPU
		{8092BB38-5B49-42AB-B5B7-29734D1D375E}.Release|Any CPU.ActiveCfg = Release|Any CPU
		{8092BB38-5B49-42AB-B5B7-29734D1D375E}.Release|Any CPU.Build.0 = Release|Any CPU
		{8092BB38-5B49-42AB-B5B7-29734D1D375E}.Release|x64.ActiveCfg = Release|Any CPU
		{8092BB38-5B49-42AB-B5B7-29734D1D375E}.Release|x64.Build.0 = Release|Any CPU
		{8092BB38-5B49-42AB-B5B7-29734D1D375E}.Release|x86.ActiveCfg = Release|Any CPU
		{8092BB38-5B49-42AB-B5B7-29734D1D375E}.Release|x86.Build.0 = Release|Any CPU
		{D95CFBBF-E78C-46EA-A274-3B17A46EB742}.Debug|Any CPU.ActiveCfg = Debug|Any CPU
		{D95CFBBF-E78C-46EA-A274-3B17A46EB742}.Debug|Any CPU.Build.0 = Debug|Any CPU
		{D95CFBBF-E78C-46EA-A274-3B17A46EB742}.Debug|x64.ActiveCfg = Debug|Any CPU
		{D95CFBBF-E78C-46EA-A274-3B17A46EB742}.Debug|x64.Build.0 = Debug|Any CPU
		{D95CFBBF-E78C-46EA-A274-3B17A46EB742}.Debug|x86.ActiveCfg = Debug|Any CPU
		{D95CFBBF-E78C-46EA-A274-3B17A46EB742}.Debug|x86.Build.0 = Debug|Any CPU
		{D95CFBBF-E78C-46EA-A274-3B17A46EB742}.Release|Any CPU.ActiveCfg = Release|Any CPU
		{D95CFBBF-E78C-46EA-A274-3B17A46EB742}.Release|Any CPU.Build.0 = Release|Any CPU
		{D95CFBBF-E78C-46EA-A274-3B17A46EB742}.Release|x64.ActiveCfg = Release|Any CPU
		{D95CFBBF-E78C-46EA-A274-3B17A46EB742}.Release|x64.Build.0 = Release|Any CPU
		{D95CFBBF-E78C-46EA-A274-3B17A46EB742}.Release|x86.ActiveCfg = Release|Any CPU
		{D95CFBBF-E78C-46EA-A274-3B17A46EB742}.Release|x86.Build.0 = Release|Any CPU
		{C20BB74D-98FF-42D4-9F8C-2F320DBE966C}.Debug|Any CPU.ActiveCfg = Debug|Any CPU
		{C20BB74D-98FF-42D4-9F8C-2F320DBE966C}.Debug|Any CPU.Build.0 = Debug|Any CPU
		{C20BB74D-98FF-42D4-9F8C-2F320DBE966C}.Debug|x64.ActiveCfg = Debug|Any CPU
		{C20BB74D-98FF-42D4-9F8C-2F320DBE966C}.Debug|x64.Build.0 = Debug|Any CPU
		{C20BB74D-98FF-42D4-9F8C-2F320DBE966C}.Debug|x86.ActiveCfg = Debug|Any CPU
		{C20BB74D-98FF-42D4-9F8C-2F320DBE966C}.Debug|x86.Build.0 = Debug|Any CPU
		{C20BB74D-98FF-42D4-9F8C-2F320DBE966C}.Release|Any CPU.ActiveCfg = Release|Any CPU
		{C20BB74D-98FF-42D4-9F8C-2F320DBE966C}.Release|Any CPU.Build.0 = Release|Any CPU
		{C20BB74D-98FF-42D4-9F8C-2F320DBE966C}.Release|x64.ActiveCfg = Release|Any CPU
		{C20BB74D-98FF-42D4-9F8C-2F320DBE966C}.Release|x64.Build.0 = Release|Any CPU
		{C20BB74D-98FF-42D4-9F8C-2F320DBE966C}.Release|x86.ActiveCfg = Release|Any CPU
		{C20BB74D-98FF-42D4-9F8C-2F320DBE966C}.Release|x86.Build.0 = Release|Any CPU
	EndGlobalSection
	GlobalSection(SolutionProperties) = preSolution
		HideSolutionNode = FALSE
	EndGlobalSection
EndGlobal
